
Microsoft Visual Studio Solution File, Format Version 12.00
# Visual Studio Version 17
VisualStudioVersion = 17.3.32929.385
MinimumVisualStudioVersion = 10.0.40219.1
Project("{FAE04EC0-301F-11D3-BF4B-00C04F79EFBC}") = "Employee Registration New", "Employee Registration New\Employee Registration New.csproj", "{B9E7B507-51E6-46F9-ABBC-CD5F8EF40F40}"
EndProject
Global
	GlobalSection(SolutionConfigurationPlatforms) = preSolution
		Debug|Any CPU = Debug|Any CPU
		Release|Any CPU = Release|Any CPU
	EndGlobalSection
	GlobalSection(ProjectConfigurationPlatforms) = postSolution
		{B9E7B507-51E6-46F9-ABBC-CD5F8EF40F40}.Debug|Any CPU.ActiveCfg = Debug|Any CPU
		{B9E7B507-51E6-46F9-ABBC-CD5F8EF40F40}.Debug|Any CPU.Build.0 = Debug|Any CPU
		{B9E7B507-51E6-46F9-ABBC-CD5F8EF40F40}.Release|Any CPU.ActiveCfg = Release|Any CPU
		{B9E7B507-51E6-46F9-ABBC-CD5F8EF40F40}.Release|Any CPU.Build.0 = Release|Any CPU
	EndGlobalSection
	GlobalSection(SolutionProperties) = preSolution
		HideSolutionNode = FALSE
	EndGlobalSection
	GlobalSection(ExtensibilityGlobals) = postSolution
		SolutionGuid = {12728892-47DB-4751-B16C-9CB07D125D0C}
	EndGlobalSection
EndGlobal
